
Microsoft Visual Studio Solution File, Format Version 12.00
# Visual Studio 2013
VisualStudioVersion = 12.0.40629.0
MinimumVisualStudioVersion = 10.0.40219.1
Project("{FAE04EC0-301F-11D3-BF4B-00C04F79EFBC}") = "LottoDemo.BusinessLogic", "LottoDemo.BusinessLogic\LottoDemo.BusinessLogic.csproj", "{B00C3B98-B344-4BBB-BB94-B021FEEABD2D}"
EndProject
Project("{FAE04EC0-301F-11D3-BF4B-00C04F79EFBC}") = "LottoDemo.WebMvcApp", "LottoDemo.WebApp\LottoDemo.WebMvcApp.csproj", "{492ACA8C-743C-4D60-9EEB-F1F2ACCB57EE}"
EndProject
Project("{FAE04EC0-301F-11D3-BF4B-00C04F79EFBC}") = "LottoDemo.LottoGeneratorService", "LottoDemo.LottoGeneratorService\LottoDemo.LottoGeneratorService.csproj", "{E45631CF-BCA4-4A9C-823A-E5CB059FFEA6}"
EndProject
Project("{FAE04EC0-301F-11D3-BF4B-00C04F79EFBC}") = "TestConsoleApp", "TestConsoleApp\TestConsoleApp.csproj", "{A480271C-81AA-4808-A9B2-C5A8AC5C5EA0}"
EndProject
Project("{FAE04EC0-301F-11D3-BF4B-00C04F79EFBC}") = "LottoDemo.DataAccess", "LottoDemo.Data\LottoDemo.DataAccess.csproj", "{88575736-0028-4191-A7E2-3B82BDCFCA0F}"
EndProject
Project("{FAE04EC0-301F-11D3-BF4B-00C04F79EFBC}") = "LottoDemo.Repositories", "LottoDemo.DataAccess\LottoDemo.Repositories.csproj", "{A925BAF8-1822-40A2-86E3-F0144719BD0C}"
EndProject
Project("{FAE04EC0-301F-11D3-BF4B-00C04F79EFBC}") = "LottoDemo.Common", "LottoDemo.Common\LottoDemo.Common.csproj", "{0980D765-7748-4C1B-B361-C5998479D4BA}"
EndProject
Project("{FAE04EC0-301F-11D3-BF4B-00C04F79EFBC}") = "LottoDemo.Entities", "LottoDemo.Entities\LottoDemo.Entities.csproj", "{0420D004-6F81-45A8-9BBD-5B04EBD3FAAC}"
EndProject
Global
	GlobalSection(SolutionConfigurationPlatforms) = preSolution
		Debug|Any CPU = Debug|Any CPU
		Debug|ARM = Debug|ARM
		Debug|x64 = Debug|x64
		Debug|x86 = Debug|x86
		Release|Any CPU = Release|Any CPU
		Release|ARM = Release|ARM
		Release|x64 = Release|x64
		Release|x86 = Release|x86
	EndGlobalSection
	GlobalSection(ProjectConfigurationPlatforms) = postSolution
		{B00C3B98-B344-4BBB-BB94-B021FEEABD2D}.Debug|Any CPU.ActiveCfg = Debug|Any CPU
		{B00C3B98-B344-4BBB-BB94-B021FEEABD2D}.Debug|Any CPU.Build.0 = Debug|Any CPU
		{B00C3B98-B344-4BBB-BB94-B021FEEABD2D}.Debug|ARM.ActiveCfg = Debug|Any CPU
		{B00C3B98-B344-4BBB-BB94-B021FEEABD2D}.Debug|x64.ActiveCfg = Debug|Any CPU
		{B00C3B98-B344-4BBB-BB94-B021FEEABD2D}.Debug|x86.ActiveCfg = Debug|Any CPU
		{B00C3B98-B344-4BBB-BB94-B021FEEABD2D}.Release|Any CPU.ActiveCfg = Release|Any CPU
		{B00C3B98-B344-4BBB-BB94-B021FEEABD2D}.Release|Any CPU.Build.0 = Release|Any CPU
		{B00C3B98-B344-4BBB-BB94-B021FEEABD2D}.Release|ARM.ActiveCfg = Release|Any CPU
		{B00C3B98-B344-4BBB-BB94-B021FEEABD2D}.Release|x64.ActiveCfg = Release|Any CPU
		{B00C3B98-B344-4BBB-BB94-B021FEEABD2D}.Release|x86.ActiveCfg = Release|Any CPU
		{492ACA8C-743C-4D60-9EEB-F1F2ACCB57EE}.Debug|Any CPU.ActiveCfg = Debug|Any CPU
		{492ACA8C-743C-4D60-9EEB-F1F2ACCB57EE}.Debug|Any CPU.Build.0 = Debug|Any CPU
		{492ACA8C-743C-4D60-9EEB-F1F2ACCB57EE}.Debug|ARM.ActiveCfg = Debug|Any CPU
		{492ACA8C-743C-4D60-9EEB-F1F2ACCB57EE}.Debug|x64.ActiveCfg = Debug|Any CPU
		{492ACA8C-743C-4D60-9EEB-F1F2ACCB57EE}.Debug|x86.ActiveCfg = Debug|Any CPU
		{492ACA8C-743C-4D60-9EEB-F1F2ACCB57EE}.Release|Any CPU.ActiveCfg = Release|Any CPU
		{492ACA8C-743C-4D60-9EEB-F1F2ACCB57EE}.Release|Any CPU.Build.0 = Release|Any CPU
		{492ACA8C-743C-4D60-9EEB-F1F2ACCB57EE}.Release|ARM.ActiveCfg = Release|Any CPU
		{492ACA8C-743C-4D60-9EEB-F1F2ACCB57EE}.Release|x64.ActiveCfg = Release|Any CPU
		{492ACA8C-743C-4D60-9EEB-F1F2ACCB57EE}.Release|x86.ActiveCfg = Release|Any CPU
		{E45631CF-BCA4-4A9C-823A-E5CB059FFEA6}.Debug|Any CPU.ActiveCfg = Debug|Any CPU
		{E45631CF-BCA4-4A9C-823A-E5CB059FFEA6}.Debug|Any CPU.Build.0 = Debug|Any CPU
		{E45631CF-BCA4-4A9C-823A-E5CB059FFEA6}.Debug|ARM.ActiveCfg = Debug|Any CPU
		{E45631CF-BCA4-4A9C-823A-E5CB059FFEA6}.Debug|x64.ActiveCfg = Debug|Any CPU
		{E45631CF-BCA4-4A9C-823A-E5CB059FFEA6}.Debug|x86.ActiveCfg = Debug|Any CPU
		{E45631CF-BCA4-4A9C-823A-E5CB059FFEA6}.Release|Any CPU.ActiveCfg = Release|Any CPU
		{E45631CF-BCA4-4A9C-823A-E5CB059FFEA6}.Release|Any CPU.Build.0 = Release|Any CPU
		{E45631CF-BCA4-4A9C-823A-E5CB059FFEA6}.Release|ARM.ActiveCfg = Release|Any CPU
		{E45631CF-BCA4-4A9C-823A-E5CB059FFEA6}.Release|x64.ActiveCfg = Release|Any CPU
		{E45631CF-BCA4-4A9C-823A-E5CB059FFEA6}.Release|x86.ActiveCfg = Release|Any CPU
		{A480271C-81AA-4808-A9B2-C5A8AC5C5EA0}.Debug|Any CPU.ActiveCfg = Debug|Any CPU
		{A480271C-81AA-4808-A9B2-C5A8AC5C5EA0}.Debug|Any CPU.Build.0 = Debug|Any CPU
		{A480271C-81AA-4808-A9B2-C5A8AC5C5EA0}.Debug|ARM.ActiveCfg = Debug|Any CPU
		{A480271C-81AA-4808-A9B2-C5A8AC5C5EA0}.Debug|x64.ActiveCfg = Debug|Any CPU
		{A480271C-81AA-4808-A9B2-C5A8AC5C5EA0}.Debug|x86.ActiveCfg = Debug|Any CPU
		{A480271C-81AA-4808-A9B2-C5A8AC5C5EA0}.Release|Any CPU.ActiveCfg = Release|Any CPU
		{A480271C-81AA-4808-A9B2-C5A8AC5C5EA0}.Release|Any CPU.Build.0 = Release|Any CPU
		{A480271C-81AA-4808-A9B2-C5A8AC5C5EA0}.Release|ARM.ActiveCfg = Release|Any CPU
		{A480271C-81AA-4808-A9B2-C5A8AC5C5EA0}.Release|x64.ActiveCfg = Release|Any CPU
		{A480271C-81AA-4808-A9B2-C5A8AC5C5EA0}.Release|x86.ActiveCfg = Release|Any CPU
		{88575736-0028-4191-A7E2-3B82BDCFCA0F}.Debug|Any CPU.ActiveCfg = Debug|Any CPU
		{88575736-0028-4191-A7E2-3B82BDCFCA0F}.Debug|Any CPU.Build.0 = Debug|Any CPU
		{88575736-0028-4191-A7E2-3B82BDCFCA0F}.Debug|ARM.ActiveCfg = Debug|Any CPU
		{88575736-0028-4191-A7E2-3B82BDCFCA0F}.Debug|x64.ActiveCfg = Debug|Any CPU
		{88575736-0028-4191-A7E2-3B82BDCFCA0F}.Debug|x86.ActiveCfg = Debug|Any CPU
		{88575736-0028-4191-A7E2-3B82BDCFCA0F}.Release|Any CPU.ActiveCfg = Release|Any CPU
		{88575736-0028-4191-A7E2-3B82BDCFCA0F}.Release|Any CPU.Build.0 = Release|Any CPU
		{88575736-0028-4191-A7E2-3B82BDCFCA0F}.Release|ARM.ActiveCfg = Release|Any CPU
		{88575736-0028-4191-A7E2-3B82BDCFCA0F}.Release|x64.ActiveCfg = Release|Any CPU
		{88575736-0028-4191-A7E2-3B82BDCFCA0F}.Release|x86.ActiveCfg = Release|Any CPU
		{A925BAF8-1822-40A2-86E3-F0144719BD0C}.Debug|Any CPU.ActiveCfg = Debug|Any CPU
		{A925BAF8-1822-40A2-86E3-F0144719BD0C}.Debug|Any CPU.Build.0 = Debug|Any CPU
		{A925BAF8-1822-40A2-86E3-F0144719BD0C}.Debug|ARM.ActiveCfg = Debug|Any CPU
		{A925BAF8-1822-40A2-86E3-F0144719BD0C}.Debug|x64.ActiveCfg = Debug|Any CPU
		{A925BAF8-1822-40A2-86E3-F0144719BD0C}.Debug|x86.ActiveCfg = Debug|Any CPU
		{A925BAF8-1822-40A2-86E3-F0144719BD0C}.Release|Any CPU.ActiveCfg = Release|Any CPU
		{A925BAF8-1822-40A2-86E3-F0144719BD0C}.Release|Any CPU.Build.0 = Release|Any CPU
		{A925BAF8-1822-40A2-86E3-F0144719BD0C}.Release|ARM.ActiveCfg = Release|Any CPU
		{A925BAF8-1822-40A2-86E3-F0144719BD0C}.Release|x64.ActiveCfg = Release|Any CPU
		{A925BAF8-1822-40A2-86E3-F0144719BD0C}.Release|x86.ActiveCfg = Release|Any CPU
		{0980D765-7748-4C1B-B361-C5998479D4BA}.Debug|Any CPU.ActiveCfg = Debug|Any CPU
		{0980D765-7748-4C1B-B361-C5998479D4BA}.Debug|Any CPU.Build.0 = Debug|Any CPU
		{0980D765-7748-4C1B-B361-C5998479D4BA}.Debug|ARM.ActiveCfg = Debug|Any CPU
		{0980D765-7748-4C1B-B361-C5998479D4BA}.Debug|x64.ActiveCfg = Debug|Any CPU
		{0980D765-7748-4C1B-B361-C5998479D4BA}.Debug|x86.ActiveCfg = Debug|Any CPU
		{0980D765-7748-4C1B-B361-C5998479D4BA}.Release|Any CPU.ActiveCfg = Release|Any CPU
		{0980D765-7748-4C1B-B361-C5998479D4BA}.Release|Any CPU.Build.0 = Release|Any CPU
		{0980D765-7748-4C1B-B361-C5998479D4BA}.Release|ARM.ActiveCfg = Release|Any CPU
		{0980D765-7748-4C1B-B361-C5998479D4BA}.Release|x64.ActiveCfg = Release|Any CPU
		{0980D765-7748-4C1B-B361-C5998479D4BA}.Release|x86.ActiveCfg = Release|Any CPU
		{0420D004-6F81-45A8-9BBD-5B04EBD3FAAC}.Debug|Any CPU.ActiveCfg = Debug|Any CPU
		{0420D004-6F81-45A8-9BBD-5B04EBD3FAAC}.Debug|Any CPU.Build.0 = Debug|Any CPU
		{0420D004-6F81-45A8-9BBD-5B04EBD3FAAC}.Debug|ARM.ActiveCfg = Debug|Any CPU
		{0420D004-6F81-45A8-9BBD-5B04EBD3FAAC}.Debug|x64.ActiveCfg = Debug|Any CPU
		{0420D004-6F81-45A8-9BBD-5B04EBD3FAAC}.Debug|x86.ActiveCfg = Debug|Any CPU
		{0420D004-6F81-45A8-9BBD-5B04EBD3FAAC}.Release|Any CPU.ActiveCfg = Release|Any CPU
		{0420D004-6F81-45A8-9BBD-5B04EBD3FAAC}.Release|Any CPU.Build.0 = Release|Any CPU
		{0420D004-6F81-45A8-9BBD-5B04EBD3FAAC}.Release|ARM.ActiveCfg = Release|Any CPU
		{0420D004-6F81-45A8-9BBD-5B04EBD3FAAC}.Release|x64.ActiveCfg = Release|Any CPU
		{0420D004-6F81-45A8-9BBD-5B04EBD3FAAC}.Release|x86.ActiveCfg = Release|Any CPU
	EndGlobalSection
	GlobalSection(SolutionProperties) = preSolution
		HideSolutionNode = FALSE
	EndGlobalSection
EndGlobal
